
Microsoft Visual Studio Solution File, Format Version 12.00
# Visual Studio Version 17
VisualStudioVersion = 17.5.33627.172
MinimumVisualStudioVersion = 10.0.40219.1
Project("{FAE04EC0-301F-11D3-BF4B-00C04F79EFBC}") = "App", "App\App.csproj", "{831C8F4B-E3C2-43F3-8D7D-521FD578CD56}"
EndProject
Global
	GlobalSection(SolutionConfigurationPlatforms) = preSolution
		Debug|Any CPU = Debug|Any CPU
		Release|Any CPU = Release|Any CPU
	EndGlobalSection
	GlobalSection(ProjectConfigurationPlatforms) = postSolution
		{831C8F4B-E3C2-43F3-8D7D-521FD578CD56}.Debug|Any CPU.ActiveCfg = Debug|Any CPU
		{831C8F4B-E3C2-43F3-8D7D-521FD578CD56}.Debug|Any CPU.Build.0 = Debug|Any CPU
		{831C8F4B-E3C2-43F3-8D7D-521FD578CD56}.Release|Any CPU.ActiveCfg = Release|Any CPU
		{831C8F4B-E3C2-43F3-8D7D-521FD578CD56}.Release|Any CPU.Build.0 = Release|Any CPU
	EndGlobalSection
	GlobalSection(SolutionProperties) = preSolution
		HideSolutionNode = FALSE
	EndGlobalSection
	GlobalSection(ExtensibilityGlobals) = postSolution
		SolutionGuid = {B68C4C0F-1F25-4EA5-9A9C-A92519B58032}
	EndGlobalSection
EndGlobal
